{
  "nodes": {
    "nixpkgs": {
      "locked": {
        "lastModified": 1747288826,
        "narHash": "sha256-uQaQhm5lAm/tG09hZPMRIzjVgKcSptQeb14chZX4a2Y=",
        "owner": "nixos",
        "repo": "nixpkgs",
        "rev": "4ddeaa37bb046707a06af839ae72b867cf7d58e0",
        "type": "github"
      },
      "original": {
        "owner": "nixos",
        "ref": "release-24.11",
        "repo": "nixpkgs",
        "type": "github"
      }
    },
    "root": {
      "inputs": {
        "nixpkgs": "nixpkgs"
      }
    }
  },
  "root": "root",
  "version": 7
}
